
Microsoft Visual Studio Solution File, Format Version 11.00
# Visual Studio 2010
Project("{159641D6-6404-4A2A-AE62-294DE0FE8301}") = "GourmetStore", "GourmetStore\GourmetStore.dtproj", "{22BF6AE7-4873-455C-8200-903AC5B47946}"
EndProject
Global
	GlobalSection(SolutionConfigurationPlatforms) = preSolution
		Development|Default = Development|Default
	EndGlobalSection
	GlobalSection(ProjectConfigurationPlatforms) = postSolution
		{22BF6AE7-4873-455C-8200-903AC5B47946}.Development|Default.ActiveCfg = Development
		{22BF6AE7-4873-455C-8200-903AC5B47946}.Development|Default.Build.0 = Development
	EndGlobalSection
	GlobalSection(SolutionProperties) = preSolution
		HideSolutionNode = FALSE
	EndGlobalSection
EndGlobal
